<?xml version="1.0" encoding="utf-8"?>
<Project ToolsVersion="4.0" xmlns="http://schemas.microsoft.com/developer/msbuild/2003">
  <ItemGroup>
    <Filter Include="소스 파일">
      <UniqueIdentifier>{4FC737F1-C7A5-4376-A066-2A32D752A2FF}</UniqueIdentifier>
      <Extensions>cpp;c;cc;cxx;def;odl;idl;hpj;bat;asm;asmx</Extensions>
    </Filter>
    <Filter Include="헤더 파일">
      <UniqueIdentifier>{93995380-89BD-4b04-88EB-625FBE52EBFB}</UniqueIdentifier>
      <Extensions>h;hh;hpp;hxx;hm;inl;inc;xsd</Extensions>
    </Filter>
    <Filter Include="리소스 파일">
      <UniqueIdentifier>{67DA6AB6-F800-4c08-8B7A-83BB121AAD01}</UniqueIdentifier>
      <Extensions>rc;ico;cur;bmp;dlg;rc2;rct;bin;rgs;gif;jpg;jpeg;jpe;resx;tiff;tif;png;wav;mfcribbon-ms</Extensions>
    </Filter>
    <Filter Include="소스 파일\Graphic">
      <UniqueIdentifier>{57aa4abd-55f4-4e3d-855e-001fc5a45a89}</UniqueIdentifier>
    </Filter>
    <Filter Include="소스 파일\Games">
      <UniqueIdentifier>{c5f1eba1-b4cb-4306-8a5f-ef0797de1cb1}</UniqueIdentifier>
    </Filter>
    <Filter Include="소스 파일\System">
      <UniqueIdentifier>{ae69cdf9-d42c-4c9b-811e-8072c6a9c77c}</UniqueIdentifier>
    </Filter>
    <Filter Include="소스 파일\Scene">
      <UniqueIdentifier>{d2825a90-7616-4316-b249-0c9d9e09c0a9}</UniqueIdentifier>
    </Filter>
    <Filter Include="소스 파일\Scene\GameScene">
      <UniqueIdentifier>{3cbf0c2b-ae35-4336-8ad4-c64918830859}</UniqueIdentifier>
    </Filter>
    <Filter Include="소스 파일\Scene\TitleScene">
      <UniqueIdentifier>{c9fee0b0-7751-4efd-9fad-55aee6643fc3}</UniqueIdentifier>
    </Filter>
    <Filter Include="소스 파일\Scene\LogoScene">
      <UniqueIdentifier>{90b955e3-bb33-460c-9e2d-f37fa7d9447f}</UniqueIdentifier>
    </Filter>
    <Filter Include="소스 파일\Scene\ResultScene">
      <UniqueIdentifier>{a668255d-6de1-4dfe-8c5f-5e079b65c9c5}</UniqueIdentifier>
    </Filter>
    <Filter Include="소스 파일\Scene\GameScene\Note">
      <UniqueIdentifier>{48af0d0b-181c-42f9-9861-6cb202a22ed2}</UniqueIdentifier>
    </Filter>
    <Filter Include="소스 파일\Audio">
      <UniqueIdentifier>{d679ab72-3b00-4957-8ab6-e0fffac9b470}</UniqueIdentifier>
    </Filter>
    <Filter Include="소스 파일\Scene\LoadingScene">
      <UniqueIdentifier>{de6f3064-5e4d-4322-831f-09accacfe220}</UniqueIdentifier>
    </Filter>
  </ItemGroup>
  <ItemGroup>
    <ClCompile Include="main.cpp">
      <Filter>소스 파일</Filter>
    </ClCompile>
    <ClCompile Include="Sprite.cpp">
      <Filter>소스 파일\Graphic</Filter>
    </ClCompile>
    <ClCompile Include="Texture.cpp">
      <Filter>소스 파일\Graphic</Filter>
    </ClCompile>
    <ClCompile Include="GameSystem.cpp">
      <Filter>소스 파일\System</Filter>
    </ClCompile>
    <ClCompile Include="GameObject.cpp">
      <Filter>소스 파일\Games</Filter>
    </ClCompile>
    <ClCompile Include="Font.cpp">
      <Filter>소스 파일\Graphic</Filter>
    </ClCompile>
    <ClCompile Include="ResourceManager.cpp">
      <Filter>소스 파일\Graphic</Filter>
    </ClCompile>
    <ClCompile Include="GameScene.cpp">
      <Filter>소스 파일\Scene\GameScene</Filter>
    </ClCompile>
    <ClCompile Include="TitleScene.cpp">
      <Filter>소스 파일\Scene\TitleScene</Filter>
    </ClCompile>
    <ClCompile Include="Scene.cpp">
      <Filter>소스 파일\Scene</Filter>
    </ClCompile>
    <ClCompile Include="SceneManager.cpp">
      <Filter>소스 파일\Scene</Filter>
    </ClCompile>
    <ClCompile Include="LogoScene.cpp">
      <Filter>소스 파일\Scene\LogoScene</Filter>
    </ClCompile>
    <ClCompile Include="ResultScene.cpp">
      <Filter>소스 파일\Scene\ResultScene</Filter>
    </ClCompile>
    <ClCompile Include="Note.cpp">
      <Filter>소스 파일\Scene\GameScene\Note</Filter>
    </ClCompile>
    <ClCompile Include="Track.cpp">
      <Filter>소스 파일\Scene\GameScene</Filter>
    </ClCompile>
    <ClCompile Include="TrackManager.cpp">
      <Filter>소스 파일\Scene\GameScene</Filter>
    </ClCompile>
    <ClCompile Include="Wav.cpp">
      <Filter>소스 파일\Audio</Filter>
    </ClCompile>
    <ClCompile Include="SettingGamePlay.cpp">
      <Filter>소스 파일\Games</Filter>
    </ClCompile>
    <ClCompile Include="LoadingScene.cpp">
      <Filter>소스 파일\Scene\LoadingScene</Filter>
    </ClCompile>
    <ClCompile Include="MusicList.cpp">
      <Filter>소스 파일\Scene\TitleScene</Filter>
    </ClCompile>
    <ClCompile Include="FontBox.cpp">
      <Filter>소스 파일\Scene\TitleScene</Filter>
    </ClCompile>
    <ClCompile Include="NumbersSprite.cpp">
      <Filter>소스 파일\Graphic</Filter>
    </ClCompile>
    <ClCompile Include="InputManager.cpp">
      <Filter>소스 파일\System</Filter>
    </ClCompile>
    <ClCompile Include="KeyboardEffectSprite.cpp">
      <Filter>소스 파일\Graphic</Filter>
    </ClCompile>
  </ItemGroup>
  <ItemGroup>
    <ClInclude Include="Sprite.h">
      <Filter>소스 파일\Graphic</Filter>
    </ClInclude>
    <ClInclude Include="Texture.h">
      <Filter>소스 파일\Graphic</Filter>
    </ClInclude>
    <ClInclude Include="GameSystem.h">
      <Filter>소스 파일\System</Filter>
    </ClInclude>
    <ClInclude Include="GameObject.h">
      <Filter>소스 파일\Games</Filter>
    </ClInclude>
    <ClInclude Include="Font.h">
      <Filter>소스 파일\Graphic</Filter>
    </ClInclude>
    <ClInclude Include="ResourceManager.h">
      <Filter>소스 파일\Graphic</Filter>
    </ClInclude>
    <ClInclude Include="GameScene.h">
      <Filter>소스 파일\Scene\GameScene</Filter>
    </ClInclude>
    <ClInclude Include="TitleScene.h">
      <Filter>소스 파일\Scene\TitleScene</Filter>
    </ClInclude>
    <ClInclude Include="Scene.h">
      <Filter>소스 파일\Scene</Filter>
    </ClInclude>
    <ClInclude Include="SceneManager.h">
      <Filter>소스 파일\Scene</Filter>
    </ClInclude>
    <ClInclude Include="LogoScene.h">
      <Filter>소스 파일\Scene\LogoScene</Filter>
    </ClInclude>
    <ClInclude Include="ResultScene.h">
      <Filter>소스 파일\Scene\ResultScene</Filter>
    </ClInclude>
    <ClInclude Include="Note.h">
      <Filter>소스 파일\Scene\GameScene\Note</Filter>
    </ClInclude>
    <ClInclude Include="Track.h">
      <Filter>소스 파일\Scene\GameScene</Filter>
    </ClInclude>
    <ClInclude Include="TrackManager.h">
      <Filter>소스 파일\Scene\GameScene</Filter>
    </ClInclude>
    <ClInclude Include="Wav.h">
      <Filter>소스 파일\Audio</Filter>
    </ClInclude>
    <ClInclude Include="SettingGamePlay.h">
      <Filter>소스 파일\Games</Filter>
    </ClInclude>
    <ClInclude Include="LoadingScene.h">
      <Filter>소스 파일\Scene\LoadingScene</Filter>
    </ClInclude>
    <ClInclude Include="MusicList.h">
      <Filter>소스 파일\Scene\TitleScene</Filter>
    </ClInclude>
    <ClInclude Include="FontBox.h">
      <Filter>소스 파일\Scene\TitleScene</Filter>
    </ClInclude>
    <ClInclude Include="NumbersSprite.h">
      <Filter>소스 파일\Graphic</Filter>
    </ClInclude>
    <ClInclude Include="InputManager.h">
      <Filter>소스 파일\System</Filter>
    </ClInclude>
    <ClInclude Include="KeyboardEffectSprite.h">
      <Filter>소스 파일\Graphic</Filter>
    </ClInclude>
  </ItemGroup>
</Project>